
Microsoft Visual Studio Solution File, Format Version 12.00
# Visual Studio Version 16
VisualStudioVersion = 16.0.30517.126
MinimumVisualStudioVersion = 10.0.40219.1
Project("{FAE04EC0-301F-11D3-BF4B-00C04F79EFBC}") = "Business", "Business\Business.csproj", "{0F08AD85-0802-4A0A-9744-E9A0EF574487}"
EndProject
Project("{FAE04EC0-301F-11D3-BF4B-00C04F79EFBC}") = "DataAccess", "DataAccess\DataAccess.csproj", "{426386FB-FBCF-442F-85A1-B67898DAA26B}"
EndProject
Project("{FAE04EC0-301F-11D3-BF4B-00C04F79EFBC}") = "Core", "Core\Core.csproj", "{2A8D2C19-348C-4A76-A40B-FA248E475D0B}"
EndProject
Project("{FAE04EC0-301F-11D3-BF4B-00C04F79EFBC}") = "Entities", "Entities\Entities.csproj", "{B4328AB1-BB29-41C9-B832-16DAEB6280B7}"
EndProject
Project("{FAE04EC0-301F-11D3-BF4B-00C04F79EFBC}") = "WebAPI", "WebAPI\WebAPI.csproj", "{6F4449AF-6D72-4C40-8CD7-4F1C133D7619}"
EndProject
Global
	GlobalSection(SolutionConfigurationPlatforms) = preSolution
		Debug|Any CPU = Debug|Any CPU
		Release|Any CPU = Release|Any CPU
	EndGlobalSection
	GlobalSection(ProjectConfigurationPlatforms) = postSolution
		{0F08AD85-0802-4A0A-9744-E9A0EF574487}.Debug|Any CPU.ActiveCfg = Debug|Any CPU
		{0F08AD85-0802-4A0A-9744-E9A0EF574487}.Debug|Any CPU.Build.0 = Debug|Any CPU
		{0F08AD85-0802-4A0A-9744-E9A0EF574487}.Release|Any CPU.ActiveCfg = Release|Any CPU
		{0F08AD85-0802-4A0A-9744-E9A0EF574487}.Release|Any CPU.Build.0 = Release|Any CPU
		{426386FB-FBCF-442F-85A1-B67898DAA26B}.Debug|Any CPU.ActiveCfg = Debug|Any CPU
		{426386FB-FBCF-442F-85A1-B67898DAA26B}.Debug|Any CPU.Build.0 = Debug|Any CPU
		{426386FB-FBCF-442F-85A1-B67898DAA26B}.Release|Any CPU.ActiveCfg = Release|Any CPU
		{426386FB-FBCF-442F-85A1-B67898DAA26B}.Release|Any CPU.Build.0 = Release|Any CPU
		{2A8D2C19-348C-4A76-A40B-FA248E475D0B}.Debug|Any CPU.ActiveCfg = Debug|Any CPU
		{2A8D2C19-348C-4A76-A40B-FA248E475D0B}.Debug|Any CPU.Build.0 = Debug|Any CPU
		{2A8D2C19-348C-4A76-A40B-FA248E475D0B}.Release|Any CPU.ActiveCfg = Release|Any CPU
		{2A8D2C19-348C-4A76-A40B-FA248E475D0B}.Release|Any CPU.Build.0 = Release|Any CPU
		{B4328AB1-BB29-41C9-B832-16DAEB6280B7}.Debug|Any CPU.ActiveCfg = Debug|Any CPU
		{B4328AB1-BB29-41C9-B832-16DAEB6280B7}.Debug|Any CPU.Build.0 = Debug|Any CPU
		{B4328AB1-BB29-41C9-B832-16DAEB6280B7}.Release|Any CPU.ActiveCfg = Release|Any CPU
		{B4328AB1-BB29-41C9-B832-16DAEB6280B7}.Release|Any CPU.Build.0 = Release|Any CPU
		{6F4449AF-6D72-4C40-8CD7-4F1C133D7619}.Debug|Any CPU.ActiveCfg = Debug|Any CPU
		{6F4449AF-6D72-4C40-8CD7-4F1C133D7619}.Debug|Any CPU.Build.0 = Debug|Any CPU
		{6F4449AF-6D72-4C40-8CD7-4F1C133D7619}.Release|Any CPU.ActiveCfg = Release|Any CPU
		{6F4449AF-6D72-4C40-8CD7-4F1C133D7619}.Release|Any CPU.Build.0 = Release|Any CPU
	EndGlobalSection
	GlobalSection(SolutionProperties) = preSolution
		HideSolutionNode = FALSE
	EndGlobalSection
	GlobalSection(ExtensibilityGlobals) = postSolution
		SolutionGuid = {C6725B73-6BCC-4D77-A8BA-5C959F0CCF77}
	EndGlobalSection
EndGlobal
